
Microsoft Visual Studio Solution File, Format Version 12.00
# Visual Studio Version 16
VisualStudioVersion = 16.0.28315.86
MinimumVisualStudioVersion = 10.0.40219.1
Project("{2150E333-8FDC-42A3-9474-1A3956D46DE8}") = "Engine", "Engine", "{99499747-9071-4F18-A32D-DF4194229C32}"
EndProject
Project("{2150E333-8FDC-42A3-9474-1A3956D46DE8}") = "Games", "Games", "{0577F5A2-71EA-4EA2-9160-7D4558A49974}"
EndProject
Project("{8BC9CEB8-8B4A-11D0-8D11-00A0C91BC942}") = "Pool", "Intermediate\ProjectFiles\Pool.vcxproj", "{BD70FF80-353F-4EC7-809F-51507D4EA9FF}"
EndProject
Project("{8BC9CEB8-8B4A-11D0-8D11-00A0C91BC942}") = "UE4", "Intermediate\ProjectFiles\UE4.vcxproj", "{2D90B9E6-A0AC-4220-A032-53EA768A43DD}"
EndProject
Project("{2150E333-8FDC-42A3-9474-1A3956D46DE8}") = "Visualizers", "Visualizers", "{74CACEDD-A7DE-42BC-ABE5-D78D008F8AAC}"
	ProjectSection(SolutionItems) = preProject
		..\..\..\Software\UE_4.22\Engine\Extras\VisualStudioDebugging\UE4.natvis = ..\..\..\Software\UE_4.22\Engine\Extras\VisualStudioDebugging\UE4.natvis
	EndProjectSection
EndProject
Global
	GlobalSection(SolutionConfigurationPlatforms) = preSolution
		DebugGame Editor|HTML5 = DebugGame Editor|HTML5
		DebugGame Editor|IOS = DebugGame Editor|IOS
		DebugGame Editor|Win32 = DebugGame Editor|Win32
		DebugGame Editor|Win64 = DebugGame Editor|Win64
		DebugGame|HTML5 = DebugGame|HTML5
		DebugGame|IOS = DebugGame|IOS
		DebugGame|Win32 = DebugGame|Win32
		DebugGame|Win64 = DebugGame|Win64
		Development Editor|HTML5 = Development Editor|HTML5
		Development Editor|IOS = Development Editor|IOS
		Development Editor|Win32 = Development Editor|Win32
		Development Editor|Win64 = Development Editor|Win64
		Development|HTML5 = Development|HTML5
		Development|IOS = Development|IOS
		Development|Win32 = Development|Win32
		Development|Win64 = Development|Win64
		Shipping|HTML5 = Shipping|HTML5
		Shipping|IOS = Shipping|IOS
		Shipping|Win32 = Shipping|Win32
		Shipping|Win64 = Shipping|Win64
	EndGlobalSection
	GlobalSection(ProjectConfigurationPlatforms) = postSolution
		{BD70FF80-353F-4EC7-809F-51507D4EA9FF}.DebugGame Editor|HTML5.ActiveCfg = Invalid|Win32
		{BD70FF80-353F-4EC7-809F-51507D4EA9FF}.DebugGame Editor|IOS.ActiveCfg = Invalid|Win32
		{BD70FF80-353F-4EC7-809F-51507D4EA9FF}.DebugGame Editor|Win32.ActiveCfg = Invalid|Win32
		{BD70FF80-353F-4EC7-809F-51507D4EA9FF}.DebugGame Editor|Win64.ActiveCfg = DebugGame_Editor|x64
		{BD70FF80-353F-4EC7-809F-51507D4EA9FF}.DebugGame Editor|Win64.Build.0 = DebugGame_Editor|x64
		{BD70FF80-353F-4EC7-809F-51507D4EA9FF}.DebugGame|HTML5.ActiveCfg = HTML5_DebugGame|Win32
		{BD70FF80-353F-4EC7-809F-51507D4EA9FF}.DebugGame|HTML5.Build.0 = HTML5_DebugGame|Win32
		{BD70FF80-353F-4EC7-809F-51507D4EA9FF}.DebugGame|IOS.ActiveCfg = IOS_DebugGame|Win32
		{BD70FF80-353F-4EC7-809F-51507D4EA9FF}.DebugGame|IOS.Build.0 = IOS_DebugGame|Win32
		{BD70FF80-353F-4EC7-809F-51507D4EA9FF}.DebugGame|Win32.ActiveCfg = DebugGame|Win32
		{BD70FF80-353F-4EC7-809F-51507D4EA9FF}.DebugGame|Win32.Build.0 = DebugGame|Win32
		{BD70FF80-353F-4EC7-809F-51507D4EA9FF}.DebugGame|Win64.ActiveCfg = DebugGame|x64
		{BD70FF80-353F-4EC7-809F-51507D4EA9FF}.DebugGame|Win64.Build.0 = DebugGame|x64
		{BD70FF80-353F-4EC7-809F-51507D4EA9FF}.Development Editor|HTML5.ActiveCfg = Invalid|Win32
		{BD70FF80-353F-4EC7-809F-51507D4EA9FF}.Development Editor|IOS.ActiveCfg = Invalid|Win32
		{BD70FF80-353F-4EC7-809F-51507D4EA9FF}.Development Editor|Win32.ActiveCfg = Invalid|Win32
		{BD70FF80-353F-4EC7-809F-51507D4EA9FF}.Development Editor|Win64.ActiveCfg = Development_Editor|x64
		{BD70FF80-353F-4EC7-809F-51507D4EA9FF}.Development Editor|Win64.Build.0 = Development_Editor|x64
		{BD70FF80-353F-4EC7-809F-51507D4EA9FF}.Development|HTML5.ActiveCfg = HTML5_Development|Win32
		{BD70FF80-353F-4EC7-809F-51507D4EA9FF}.Development|HTML5.Build.0 = HTML5_Development|Win32
		{BD70FF80-353F-4EC7-809F-51507D4EA9FF}.Development|IOS.ActiveCfg = IOS_Development|Win32
		{BD70FF80-353F-4EC7-809F-51507D4EA9FF}.Development|IOS.Build.0 = IOS_Development|Win32
		{BD70FF80-353F-4EC7-809F-51507D4EA9FF}.Development|Win32.ActiveCfg = Development|Win32
		{BD70FF80-353F-4EC7-809F-51507D4EA9FF}.Development|Win32.Build.0 = Development|Win32
		{BD70FF80-353F-4EC7-809F-51507D4EA9FF}.Development|Win64.ActiveCfg = Development|x64
		{BD70FF80-353F-4EC7-809F-51507D4EA9FF}.Development|Win64.Build.0 = Development|x64
		{BD70FF80-353F-4EC7-809F-51507D4EA9FF}.Shipping|HTML5.ActiveCfg = HTML5_Shipping|Win32
		{BD70FF80-353F-4EC7-809F-51507D4EA9FF}.Shipping|HTML5.Build.0 = HTML5_Shipping|Win32
		{BD70FF80-353F-4EC7-809F-51507D4EA9FF}.Shipping|IOS.ActiveCfg = IOS_Shipping|Win32
		{BD70FF80-353F-4EC7-809F-51507D4EA9FF}.Shipping|IOS.Build.0 = IOS_Shipping|Win32
		{BD70FF80-353F-4EC7-809F-51507D4EA9FF}.Shipping|Win32.ActiveCfg = Shipping|Win32
		{BD70FF80-353F-4EC7-809F-51507D4EA9FF}.Shipping|Win32.Build.0 = Shipping|Win32
		{BD70FF80-353F-4EC7-809F-51507D4EA9FF}.Shipping|Win64.ActiveCfg = Shipping|x64
		{BD70FF80-353F-4EC7-809F-51507D4EA9FF}.Shipping|Win64.Build.0 = Shipping|x64
		{2D90B9E6-A0AC-4220-A032-53EA768A43DD}.DebugGame Editor|HTML5.ActiveCfg = BuiltWithUnrealBuildTool|Win32
		{2D90B9E6-A0AC-4220-A032-53EA768A43DD}.DebugGame Editor|IOS.ActiveCfg = BuiltWithUnrealBuildTool|Win32
		{2D90B9E6-A0AC-4220-A032-53EA768A43DD}.DebugGame Editor|Win32.ActiveCfg = BuiltWithUnrealBuildTool|Win32
		{2D90B9E6-A0AC-4220-A032-53EA768A43DD}.DebugGame Editor|Win64.ActiveCfg = BuiltWithUnrealBuildTool|Win32
		{2D90B9E6-A0AC-4220-A032-53EA768A43DD}.DebugGame|HTML5.ActiveCfg = BuiltWithUnrealBuildTool|Win32
		{2D90B9E6-A0AC-4220-A032-53EA768A43DD}.DebugGame|IOS.ActiveCfg = BuiltWithUnrealBuildTool|Win32
		{2D90B9E6-A0AC-4220-A032-53EA768A43DD}.DebugGame|Win32.ActiveCfg = BuiltWithUnrealBuildTool|Win32
		{2D90B9E6-A0AC-4220-A032-53EA768A43DD}.DebugGame|Win64.ActiveCfg = BuiltWithUnrealBuildTool|Win32
		{2D90B9E6-A0AC-4220-A032-53EA768A43DD}.Development Editor|HTML5.ActiveCfg = BuiltWithUnrealBuildTool|Win32
		{2D90B9E6-A0AC-4220-A032-53EA768A43DD}.Development Editor|IOS.ActiveCfg = BuiltWithUnrealBuildTool|Win32
		{2D90B9E6-A0AC-4220-A032-53EA768A43DD}.Development Editor|Win32.ActiveCfg = BuiltWithUnrealBuildTool|Win32
		{2D90B9E6-A0AC-4220-A032-53EA768A43DD}.Development Editor|Win64.ActiveCfg = BuiltWithUnrealBuildTool|Win32
		{2D90B9E6-A0AC-4220-A032-53EA768A43DD}.Development|HTML5.ActiveCfg = BuiltWithUnrealBuildTool|Win32
		{2D90B9E6-A0AC-4220-A032-53EA768A43DD}.Development|IOS.ActiveCfg = BuiltWithUnrealBuildTool|Win32
		{2D90B9E6-A0AC-4220-A032-53EA768A43DD}.Development|Win32.ActiveCfg = BuiltWithUnrealBuildTool|Win32
		{2D90B9E6-A0AC-4220-A032-53EA768A43DD}.Development|Win64.ActiveCfg = BuiltWithUnrealBuildTool|Win32
		{2D90B9E6-A0AC-4220-A032-53EA768A43DD}.Shipping|HTML5.ActiveCfg = BuiltWithUnrealBuildTool|Win32
		{2D90B9E6-A0AC-4220-A032-53EA768A43DD}.Shipping|IOS.ActiveCfg = BuiltWithUnrealBuildTool|Win32
		{2D90B9E6-A0AC-4220-A032-53EA768A43DD}.Shipping|Win32.ActiveCfg = BuiltWithUnrealBuildTool|Win32
		{2D90B9E6-A0AC-4220-A032-53EA768A43DD}.Shipping|Win64.ActiveCfg = BuiltWithUnrealBuildTool|Win32
	EndGlobalSection
	GlobalSection(SolutionProperties) = preSolution
		HideSolutionNode = FALSE
	EndGlobalSection
	GlobalSection(NestedProjects) = preSolution
		{2D90B9E6-A0AC-4220-A032-53EA768A43DD} = {99499747-9071-4F18-A32D-DF4194229C32}
		{BD70FF80-353F-4EC7-809F-51507D4EA9FF} = {0577F5A2-71EA-4EA2-9160-7D4558A49974}
	EndGlobalSection
EndGlobal
