
Microsoft Visual Studio Solution File, Format Version 12.00
# Visual Studio 15
VisualStudioVersion = 15.0.25807.0
MinimumVisualStudioVersion = 10.0.40219.1
Project("{2150E333-8FDC-42A3-9474-1A3956D46DE8}") = "Engine", "Engine", "{E790072B-4613-4289-AE15-93AD43E457F3}"
EndProject
Project("{2150E333-8FDC-42A3-9474-1A3956D46DE8}") = "Games", "Games", "{DE6DDA99-2C21-4F64-A746-255A444BE584}"
EndProject
Project("{8BC9CEB8-8B4A-11D0-8D11-00A0C91BC942}") = "UE4", "Intermediate\ProjectFiles\UE4.vcxproj", "{0E74F5E6-798C-4906-A7FD-238A58CB2C87}"
EndProject
Project("{8BC9CEB8-8B4A-11D0-8D11-00A0C91BC942}") = "Pool", "Intermediate\ProjectFiles\Pool.vcxproj", "{B61E2DC5-8ADB-4520-B381-558039F21E7E}"
EndProject
Global
	GlobalSection(SolutionConfigurationPlatforms) = preSolution
		DebugGame Editor|HTML5 = DebugGame Editor|HTML5
		DebugGame Editor|IOS = DebugGame Editor|IOS
		DebugGame Editor|Win32 = DebugGame Editor|Win32
		DebugGame Editor|Win64 = DebugGame Editor|Win64
		DebugGame|HTML5 = DebugGame|HTML5
		DebugGame|IOS = DebugGame|IOS
		DebugGame|Win32 = DebugGame|Win32
		DebugGame|Win64 = DebugGame|Win64
		Development Editor|HTML5 = Development Editor|HTML5
		Development Editor|IOS = Development Editor|IOS
		Development Editor|Win32 = Development Editor|Win32
		Development Editor|Win64 = Development Editor|Win64
		Development|HTML5 = Development|HTML5
		Development|IOS = Development|IOS
		Development|Win32 = Development|Win32
		Development|Win64 = Development|Win64
		Shipping|HTML5 = Shipping|HTML5
		Shipping|IOS = Shipping|IOS
		Shipping|Win32 = Shipping|Win32
		Shipping|Win64 = Shipping|Win64
	EndGlobalSection
	GlobalSection(ProjectConfigurationPlatforms) = postSolution
		{0E74F5E6-798C-4906-A7FD-238A58CB2C87}.DebugGame Editor|HTML5.ActiveCfg = BuiltWithUnrealBuildTool|Win32
		{0E74F5E6-798C-4906-A7FD-238A58CB2C87}.DebugGame Editor|HTML5.Build.0 = BuiltWithUnrealBuildTool|Win32
		{0E74F5E6-798C-4906-A7FD-238A58CB2C87}.DebugGame Editor|IOS.ActiveCfg = BuiltWithUnrealBuildTool|Win32
		{0E74F5E6-798C-4906-A7FD-238A58CB2C87}.DebugGame Editor|IOS.Build.0 = BuiltWithUnrealBuildTool|Win32
		{0E74F5E6-798C-4906-A7FD-238A58CB2C87}.DebugGame Editor|Win32.ActiveCfg = BuiltWithUnrealBuildTool|Win32
		{0E74F5E6-798C-4906-A7FD-238A58CB2C87}.DebugGame Editor|Win32.Build.0 = BuiltWithUnrealBuildTool|Win32
		{0E74F5E6-798C-4906-A7FD-238A58CB2C87}.DebugGame Editor|Win64.ActiveCfg = BuiltWithUnrealBuildTool|Win32
		{0E74F5E6-798C-4906-A7FD-238A58CB2C87}.DebugGame Editor|Win64.Build.0 = BuiltWithUnrealBuildTool|Win32
		{0E74F5E6-798C-4906-A7FD-238A58CB2C87}.DebugGame|HTML5.ActiveCfg = BuiltWithUnrealBuildTool|Win32
		{0E74F5E6-798C-4906-A7FD-238A58CB2C87}.DebugGame|HTML5.Build.0 = BuiltWithUnrealBuildTool|Win32
		{0E74F5E6-798C-4906-A7FD-238A58CB2C87}.DebugGame|IOS.ActiveCfg = BuiltWithUnrealBuildTool|Win32
		{0E74F5E6-798C-4906-A7FD-238A58CB2C87}.DebugGame|IOS.Build.0 = BuiltWithUnrealBuildTool|Win32
		{0E74F5E6-798C-4906-A7FD-238A58CB2C87}.DebugGame|Win32.ActiveCfg = BuiltWithUnrealBuildTool|Win32
		{0E74F5E6-798C-4906-A7FD-238A58CB2C87}.DebugGame|Win32.Build.0 = BuiltWithUnrealBuildTool|Win32
		{0E74F5E6-798C-4906-A7FD-238A58CB2C87}.DebugGame|Win64.ActiveCfg = BuiltWithUnrealBuildTool|Win32
		{0E74F5E6-798C-4906-A7FD-238A58CB2C87}.DebugGame|Win64.Build.0 = BuiltWithUnrealBuildTool|Win32
		{0E74F5E6-798C-4906-A7FD-238A58CB2C87}.Development Editor|HTML5.ActiveCfg = BuiltWithUnrealBuildTool|Win32
		{0E74F5E6-798C-4906-A7FD-238A58CB2C87}.Development Editor|HTML5.Build.0 = BuiltWithUnrealBuildTool|Win32
		{0E74F5E6-798C-4906-A7FD-238A58CB2C87}.Development Editor|IOS.ActiveCfg = BuiltWithUnrealBuildTool|Win32
		{0E74F5E6-798C-4906-A7FD-238A58CB2C87}.Development Editor|IOS.Build.0 = BuiltWithUnrealBuildTool|Win32
		{0E74F5E6-798C-4906-A7FD-238A58CB2C87}.Development Editor|Win32.ActiveCfg = BuiltWithUnrealBuildTool|Win32
		{0E74F5E6-798C-4906-A7FD-238A58CB2C87}.Development Editor|Win32.Build.0 = BuiltWithUnrealBuildTool|Win32
		{0E74F5E6-798C-4906-A7FD-238A58CB2C87}.Development Editor|Win64.ActiveCfg = BuiltWithUnrealBuildTool|Win32
		{0E74F5E6-798C-4906-A7FD-238A58CB2C87}.Development Editor|Win64.Build.0 = BuiltWithUnrealBuildTool|Win32
		{0E74F5E6-798C-4906-A7FD-238A58CB2C87}.Development|HTML5.ActiveCfg = BuiltWithUnrealBuildTool|Win32
		{0E74F5E6-798C-4906-A7FD-238A58CB2C87}.Development|HTML5.Build.0 = BuiltWithUnrealBuildTool|Win32
		{0E74F5E6-798C-4906-A7FD-238A58CB2C87}.Development|IOS.ActiveCfg = BuiltWithUnrealBuildTool|Win32
		{0E74F5E6-798C-4906-A7FD-238A58CB2C87}.Development|IOS.Build.0 = BuiltWithUnrealBuildTool|Win32
		{0E74F5E6-798C-4906-A7FD-238A58CB2C87}.Development|Win32.ActiveCfg = BuiltWithUnrealBuildTool|Win32
		{0E74F5E6-798C-4906-A7FD-238A58CB2C87}.Development|Win32.Build.0 = BuiltWithUnrealBuildTool|Win32
		{0E74F5E6-798C-4906-A7FD-238A58CB2C87}.Development|Win64.ActiveCfg = BuiltWithUnrealBuildTool|Win32
		{0E74F5E6-798C-4906-A7FD-238A58CB2C87}.Development|Win64.Build.0 = BuiltWithUnrealBuildTool|Win32
		{0E74F5E6-798C-4906-A7FD-238A58CB2C87}.Shipping|HTML5.ActiveCfg = BuiltWithUnrealBuildTool|Win32
		{0E74F5E6-798C-4906-A7FD-238A58CB2C87}.Shipping|HTML5.Build.0 = BuiltWithUnrealBuildTool|Win32
		{0E74F5E6-798C-4906-A7FD-238A58CB2C87}.Shipping|IOS.ActiveCfg = BuiltWithUnrealBuildTool|Win32
		{0E74F5E6-798C-4906-A7FD-238A58CB2C87}.Shipping|IOS.Build.0 = BuiltWithUnrealBuildTool|Win32
		{0E74F5E6-798C-4906-A7FD-238A58CB2C87}.Shipping|Win32.ActiveCfg = BuiltWithUnrealBuildTool|Win32
		{0E74F5E6-798C-4906-A7FD-238A58CB2C87}.Shipping|Win32.Build.0 = BuiltWithUnrealBuildTool|Win32
		{0E74F5E6-798C-4906-A7FD-238A58CB2C87}.Shipping|Win64.ActiveCfg = BuiltWithUnrealBuildTool|Win32
		{0E74F5E6-798C-4906-A7FD-238A58CB2C87}.Shipping|Win64.Build.0 = BuiltWithUnrealBuildTool|Win32
		{B61E2DC5-8ADB-4520-B381-558039F21E7E}.DebugGame Editor|HTML5.ActiveCfg = HTML5_DebugGame_Editor|Win32
		{B61E2DC5-8ADB-4520-B381-558039F21E7E}.DebugGame Editor|IOS.ActiveCfg = IOS_DebugGame_Editor|Win32
		{B61E2DC5-8ADB-4520-B381-558039F21E7E}.DebugGame Editor|Win32.ActiveCfg = DebugGame_Editor|Win32
		{B61E2DC5-8ADB-4520-B381-558039F21E7E}.DebugGame Editor|Win64.ActiveCfg = DebugGame_Editor|x64
		{B61E2DC5-8ADB-4520-B381-558039F21E7E}.DebugGame Editor|Win64.Build.0 = DebugGame_Editor|x64
		{B61E2DC5-8ADB-4520-B381-558039F21E7E}.DebugGame|HTML5.ActiveCfg = HTML5_DebugGame_Game|Win32
		{B61E2DC5-8ADB-4520-B381-558039F21E7E}.DebugGame|HTML5.Build.0 = HTML5_DebugGame_Game|Win32
		{B61E2DC5-8ADB-4520-B381-558039F21E7E}.DebugGame|IOS.ActiveCfg = IOS_DebugGame_Game|Win32
		{B61E2DC5-8ADB-4520-B381-558039F21E7E}.DebugGame|IOS.Build.0 = IOS_DebugGame_Game|Win32
		{B61E2DC5-8ADB-4520-B381-558039F21E7E}.DebugGame|Win32.ActiveCfg = DebugGame_Game|Win32
		{B61E2DC5-8ADB-4520-B381-558039F21E7E}.DebugGame|Win32.Build.0 = DebugGame_Game|Win32
		{B61E2DC5-8ADB-4520-B381-558039F21E7E}.DebugGame|Win64.ActiveCfg = DebugGame_Game|x64
		{B61E2DC5-8ADB-4520-B381-558039F21E7E}.DebugGame|Win64.Build.0 = DebugGame_Game|x64
		{B61E2DC5-8ADB-4520-B381-558039F21E7E}.Development Editor|HTML5.ActiveCfg = HTML5_Development_Editor|Win32
		{B61E2DC5-8ADB-4520-B381-558039F21E7E}.Development Editor|IOS.ActiveCfg = IOS_Development_Editor|Win32
		{B61E2DC5-8ADB-4520-B381-558039F21E7E}.Development Editor|Win32.ActiveCfg = Development_Editor|Win32
		{B61E2DC5-8ADB-4520-B381-558039F21E7E}.Development Editor|Win64.ActiveCfg = Development_Editor|x64
		{B61E2DC5-8ADB-4520-B381-558039F21E7E}.Development Editor|Win64.Build.0 = Development_Editor|x64
		{B61E2DC5-8ADB-4520-B381-558039F21E7E}.Development|HTML5.ActiveCfg = HTML5_Development_Game|Win32
		{B61E2DC5-8ADB-4520-B381-558039F21E7E}.Development|HTML5.Build.0 = HTML5_Development_Game|Win32
		{B61E2DC5-8ADB-4520-B381-558039F21E7E}.Development|IOS.ActiveCfg = IOS_Development_Game|Win32
		{B61E2DC5-8ADB-4520-B381-558039F21E7E}.Development|IOS.Build.0 = IOS_Development_Game|Win32
		{B61E2DC5-8ADB-4520-B381-558039F21E7E}.Development|Win32.ActiveCfg = Development_Game|Win32
		{B61E2DC5-8ADB-4520-B381-558039F21E7E}.Development|Win32.Build.0 = Development_Game|Win32
		{B61E2DC5-8ADB-4520-B381-558039F21E7E}.Development|Win64.ActiveCfg = Development_Game|x64
		{B61E2DC5-8ADB-4520-B381-558039F21E7E}.Development|Win64.Build.0 = Development_Game|x64
		{B61E2DC5-8ADB-4520-B381-558039F21E7E}.Shipping|HTML5.ActiveCfg = HTML5_Shipping_Game|Win32
		{B61E2DC5-8ADB-4520-B381-558039F21E7E}.Shipping|HTML5.Build.0 = HTML5_Shipping_Game|Win32
		{B61E2DC5-8ADB-4520-B381-558039F21E7E}.Shipping|IOS.ActiveCfg = IOS_Shipping_Game|Win32
		{B61E2DC5-8ADB-4520-B381-558039F21E7E}.Shipping|IOS.Build.0 = IOS_Shipping_Game|Win32
		{B61E2DC5-8ADB-4520-B381-558039F21E7E}.Shipping|Win32.ActiveCfg = Shipping_Game|Win32
		{B61E2DC5-8ADB-4520-B381-558039F21E7E}.Shipping|Win32.Build.0 = Shipping_Game|Win32
		{B61E2DC5-8ADB-4520-B381-558039F21E7E}.Shipping|Win64.ActiveCfg = Shipping_Game|x64
		{B61E2DC5-8ADB-4520-B381-558039F21E7E}.Shipping|Win64.Build.0 = Shipping_Game|x64
	EndGlobalSection
	GlobalSection(SolutionProperties) = preSolution
		HideSolutionNode = FALSE
	EndGlobalSection
	GlobalSection(NestedProjects) = preSolution
		{0E74F5E6-798C-4906-A7FD-238A58CB2C87} = {E790072B-4613-4289-AE15-93AD43E457F3}
		{B61E2DC5-8ADB-4520-B381-558039F21E7E} = {DE6DDA99-2C21-4F64-A746-255A444BE584}
	EndGlobalSection
	GlobalSection(ExtensibilityGlobals) = postSolution
		SolutionGuid = {2BD4B1AA-9956-47B1-86BC-77692567EEF2}
	EndGlobalSection
EndGlobal
